
Microsoft Visual Studio Solution File, Format Version 12.00
# Visual Studio Version 17
VisualStudioVersion = 17.10.34928.147
MinimumVisualStudioVersion = 10.0.40219.1
Project("{FAE04EC0-301F-11D3-BF4B-00C04F79EFBC}") = "BookRentalManagementSystem_V2", "BookRentalManagementSystem_V2\BookRentalManagementSystem_V2.csproj", "{4E77BA2E-C9E9-487A-B79A-3CC2E14A6CC4}"
EndProject
Global
	GlobalSection(SolutionConfigurationPlatforms) = preSolution
		Debug|Any CPU = Debug|Any CPU
		Release|Any CPU = Release|Any CPU
	EndGlobalSection
	GlobalSection(ProjectConfigurationPlatforms) = postSolution
		{4E77BA2E-C9E9-487A-B79A-3CC2E14A6CC4}.Debug|Any CPU.ActiveCfg = Debug|Any CPU
		{4E77BA2E-C9E9-487A-B79A-3CC2E14A6CC4}.Debug|Any CPU.Build.0 = Debug|Any CPU
		{4E77BA2E-C9E9-487A-B79A-3CC2E14A6CC4}.Release|Any CPU.ActiveCfg = Release|Any CPU
		{4E77BA2E-C9E9-487A-B79A-3CC2E14A6CC4}.Release|Any CPU.Build.0 = Release|Any CPU
	EndGlobalSection
	GlobalSection(SolutionProperties) = preSolution
		HideSolutionNode = FALSE
	EndGlobalSection
	GlobalSection(ExtensibilityGlobals) = postSolution
		SolutionGuid = {D47C18D8-FABF-42A3-A556-0A7D6A634524}
	EndGlobalSection
EndGlobal
